
Microsoft Visual Studio Solution File, Format Version 12.00
# Visual Studio Version 17
VisualStudioVersion = 17.4.33213.308
MinimumVisualStudioVersion = 10.0.40219.1
Project("{8BC9CEB8-8B4A-11D0-8D11-00A0C91BC942}") = "ConsoleApplication1", "ConsoleApplication1\ConsoleApplication1.vcxproj", "{BDD22F05-B9C3-48A1-BE91-FC8398A992B0}"
EndProject
Global
	GlobalSection(SolutionConfigurationPlatforms) = preSolution
		Debug|x64 = Debug|x64
		Debug|x86 = Debug|x86
		Release|x64 = Release|x64
		Release|x86 = Release|x86
	EndGlobalSection
	GlobalSection(ProjectConfigurationPlatforms) = postSolution
		{BDD22F05-B9C3-48A1-BE91-FC8398A992B0}.Debug|x64.ActiveCfg = Debug|x64
		{BDD22F05-B9C3-48A1-BE91-FC8398A992B0}.Debug|x64.Build.0 = Debug|x64
		{BDD22F05-B9C3-48A1-BE91-FC8398A992B0}.Debug|x86.ActiveCfg = Debug|Win32
		{BDD22F05-B9C3-48A1-BE91-FC8398A992B0}.Debug|x86.Build.0 = Debug|Win32
		{BDD22F05-B9C3-48A1-BE91-FC8398A992B0}.Release|x64.ActiveCfg = Release|x64
		{BDD22F05-B9C3-48A1-BE91-FC8398A992B0}.Release|x64.Build.0 = Release|x64
		{BDD22F05-B9C3-48A1-BE91-FC8398A992B0}.Release|x86.ActiveCfg = Release|Win32
		{BDD22F05-B9C3-48A1-BE91-FC8398A992B0}.Release|x86.Build.0 = Release|Win32
	EndGlobalSection
	GlobalSection(SolutionProperties) = preSolution
		HideSolutionNode = FALSE
	EndGlobalSection
	GlobalSection(ExtensibilityGlobals) = postSolution
		SolutionGuid = {59C1F7F9-6A59-4A01-BBA4-8AC0C9BCC5BA}
	EndGlobalSection
EndGlobal
